
Microsoft Visual Studio Solution File, Format Version 12.00
# Visual Studio 15
VisualStudioVersion = 15.0.28010.2003
MinimumVisualStudioVersion = 10.0.40219.1
Project("{FAE04EC0-301F-11D3-BF4B-00C04F79EFBC}") = "Quien_es_Quien", "Quien_es_Quien\Quien_es_Quien.csproj", "{86F984AD-C1DF-4FA0-AE41-CB8EB8DEB9F5}"
EndProject
Global
	GlobalSection(SolutionConfigurationPlatforms) = preSolution
		Debug|Any CPU = Debug|Any CPU
		Release|Any CPU = Release|Any CPU
	EndGlobalSection
	GlobalSection(ProjectConfigurationPlatforms) = postSolution
		{86F984AD-C1DF-4FA0-AE41-CB8EB8DEB9F5}.Debug|Any CPU.ActiveCfg = Debug|Any CPU
		{86F984AD-C1DF-4FA0-AE41-CB8EB8DEB9F5}.Debug|Any CPU.Build.0 = Debug|Any CPU
		{86F984AD-C1DF-4FA0-AE41-CB8EB8DEB9F5}.Release|Any CPU.ActiveCfg = Release|Any CPU
		{86F984AD-C1DF-4FA0-AE41-CB8EB8DEB9F5}.Release|Any CPU.Build.0 = Release|Any CPU
	EndGlobalSection
	GlobalSection(SolutionProperties) = preSolution
		HideSolutionNode = FALSE
	EndGlobalSection
	GlobalSection(ExtensibilityGlobals) = postSolution
		SolutionGuid = {2DE5EC55-075A-4C97-8CAA-3E6DB914D611}
	EndGlobalSection
EndGlobal
